// !$*UTF8*$!
{
	archiveVersion = 1;
	classes = {
	};
	objectVersion = 46;
	objects = {

/* Begin PBXBuildFile section */
		1A057F021CCBFCE3003B282D /* AppDelegate.swift in Sources */ = {isa = PBXBuildFile; fileRef = 1A057F011CCBFCE3003B282D /* AppDelegate.swift */; };
		1A057F041CCBFCE3003B282D /* ViewController.swift in Sources */ = {isa = PBXBuildFile; fileRef = 1A057F031CCBFCE3003B282D /* ViewController.swift */; };
		1A057F071CCBFCE3003B282D /* Main.storyboard in Resources */ = {isa = PBXBuildFile; fileRef = 1A057F051CCBFCE3003B282D /* Main.storyboard */; };
		1A057F091CCBFCE3003B282D /* Assets.xcassets in Resources */ = {isa = PBXBuildFile; fileRef = 1A057F081CCBFCE3003B282D /* Assets.xcassets */; };
		1A057F0C1CCBFCE3003B282D /* LaunchScreen.storyboard in Resources */ = {isa = PBXBuildFile; fileRef = 1A057F0A1CCBFCE3003B282D /* LaunchScreen.storyboard */; };
		1A057F171CCBFCE4003B282D /* ZigZag_hackathon_AIU2016Tests.swift in Sources */ = {isa = PBXBuildFile; fileRef = 1A057F161CCBFCE4003B282D /* ZigZag_hackathon_AIU2016Tests.swift */; };
/* End PBXBuildFile section */

/* Begin PBXContainerItemProxy section */
		1A057F131CCBFCE4003B282D /* PBXContainerItemProxy */ = {
			isa = PBXContainerItemProxy;
			containerPortal = 1A057EF61CCBFCE3003B282D /* Project object */;
			proxyType = 1;
			remoteGlobalIDString = 1A057EFD1CCBFCE3003B282D;
			remoteInfo = ZigZag_hackathon_AIU2016;
		};
/* End PBXContainerItemProxy section */

/* Begin PBXFileReference section */
		1A057EFE1CCBFCE3003B282D /* ZigZag_hackathon_AIU2016.app */ = {isa = PBXFileReference; explicitFileType = wrapper.application; includeInIndex = 0; name = ZigZag_hackathon_AIU2016.app; path = "/Users/suhabaobaid/Documents/Swift/XcodeFiles/ZigZag_hackathon_AIU2016/build/Debug-iphoneos/ZigZag_hackathon_AIU2016.app"; sourceTree = "<absolute>"; };
		1A057F011CCBFCE3003B282D /* AppDelegate.swift */ = {isa = PBXFileReference; lastKnownFileType = sourcecode.swift; path = AppDelegate.swift; sourceTree = "<group>"; };
		1A057F031CCBFCE3003B282D /* ViewController.swift */ = {isa = PBXFileReference; lastKnownFileType = sourcecode.swift; path = ViewController.swift; sourceTree = "<group>"; };
		1A057F061CCBFCE3003B282D /* Base */ = {isa = PBXFileReference; lastKnownFileType = file.storyboard; name = Base; path = Base.lproj/Main.storyboard; sourceTree = "<group>"; };
		1A057F081CCBFCE3003B282D /* Assets.xcassets */ = {isa = PBXFileReference; lastKnownFileType = folder.assetcatalog; path = Assets.xcassets; sourceTree = "<group>"; };
		1A057F0B1CCBFCE3003B282D /* Base */ = {isa = PBXFileReference; lastKnownFileType = file.storyboard; name = Base; path = Base.lproj/LaunchScreen.storyboard; sourceTree = "<group>"; };
		1A057F0D1CCBFCE3003B282D /* Info.plist */ = {isa = PBXFileReference; lastKnownFileType = text.plist.xml; path = Info.plist; sourceTree = "<group>"; };
		1A057F121CCBFCE4003B282D /* ZigZag_hackathon_AIU2016Tests.xctest */ = {isa = PBXFileReference; explicitFileType = wrapper.cfbundle; includeInIndex = 0; name = ZigZag_hackathon_AIU2016Tests.xctest; path = "/Users/suhabaobaid/Documents/Swift/XcodeFiles/ZigZag_hackathon_AIU2016/build/Debug-iphoneos/ZigZag_hackathon_AIU2016Tests.xctest"; sourceTree = "<absolute>"; };
		1A057F161CCBFCE4003B282D /* ZigZag_hackathon_AIU2016Tests.swift */ = {isa = PBXFileReference; lastKnownFileType = sourcecode.swift; path = ZigZag_hackathon_AIU2016Tests.swift; sourceTree = "<group>"; };
		1A057F181CCBFCE4003B282D /* Info.plist */ = {isa = PBXFileReference; lastKnownFileType = text.plist.xml; path = Info.plist; sourceTree = "<group>"; };
/* End PBXFileReference section */

/* Begin PBXFrameworksBuildPhase section */
		1A057EFB1CCBFCE3003B282D /* Frameworks */ = {
			isa = PBXFrameworksBuildPhase;
			buildActionMask = 2147483647;
			files = (
			);
			runOnlyForDeploymentPostprocessing = 0;
		};
		1A057F0F1CCBFCE4003B282D /* Frameworks */ = {
			isa = PBXFrameworksBuildPhase;
			buildActionMask = 2147483647;
			files = (
			);
			runOnlyForDeploymentPostprocessing = 0;
		};
/* End PBXFrameworksBuildPhase section */

/* Begin PBXGroup section */
		1A057EF51CCBFCE3003B282D = {
			isa = PBXGroup;
			children = (
				1A057F001CCBFCE3003B282D /* ZigZag_hackathon_AIU2016 */,
				1A057F151CCBFCE4003B282D /* ZigZag_hackathon_AIU2016Tests */,
			);
			sourceTree = "<group>";
		};
		1A057F001CCBFCE3003B282D /* ZigZag_hackathon_AIU2016 */ = {
			isa = PBXGroup;
			children = (
				1A057F011CCBFCE3003B282D /* AppDelegate.swift */,
				1A057F031CCBFCE3003B282D /* ViewController.swift */,
				1A057F051CCBFCE3003B282D /* Main.storyboard */,
				1A057F081CCBFCE3003B282D /* Assets.xcassets */,
				1A057F0A1CCBFCE3003B282D /* LaunchScreen.storyboard */,
				1A057F0D1CCBFCE3003B282D /* Info.plist */,
			);
			path = ZigZag_hackathon_AIU2016;
			sourceTree = "<group>";
		};
		1A057F151CCBFCE4003B282D /* ZigZag_hackathon_AIU2016Tests */ = {
			isa = PBXGroup;
			children = (
				1A057F161CCBFCE4003B282D /* ZigZag_hackathon_AIU2016Tests.swift */,
				1A057F181CCBFCE4003B282D /* Info.plist */,
			);
			path = ZigZag_hackathon_AIU2016Tests;
			sourceTree = "<group>";
		};
/* End PBXGroup section */

/* Begin PBXNativeTarget section */
		1A057EFD1CCBFCE3003B282D /* ZigZag_hackathon_AIU2016 */ = {
			isa = PBXNativeTarget;
			buildConfigurationList = 1A057F1B1CCBFCE4003B282D /* Build configuration list for PBXNativeTarget "ZigZag_hackathon_AIU2016" */;
			buildPhases = (
				1A057EFA1CCBFCE3003B282D /* Sources */,
				1A057EFB1CCBFCE3003B282D /* Frameworks */,
				1A057EFC1CCBFCE3003B282D /* Resources */,
			);
			buildRules = (
			);
			dependencies = (
			);
			name = ZigZag_hackathon_AIU2016;
			productName = ZigZag_hackathon_AIU2016;
			productReference = 1A057EFE1CCBFCE3003B282D /* ZigZag_hackathon_AIU2016.app */;
			productType = "com.apple.product-type.application";
		};
		1A057F111CCBFCE4003B282D /* ZigZag_hackathon_AIU2016Tests */ = {
			isa = PBXNativeTarget;
			buildConfigurationList = 1A057F1E1CCBFCE4003B282D /* Build configuration list for PBXNativeTarget "ZigZag_hackathon_AIU2016Tests" */;
			buildPhases = (
				1A057F0E1CCBFCE4003B282D /* Sources */,
				1A057F0F1CCBFCE4003B282D /* Frameworks */,
				1A057F101CCBFCE4003B282D /* Resources */,
			);
			buildRules = (
			);
			dependencies = (
				1A057F141CCBFCE4003B282D /* PBXTargetDependency */,
			);
			name = ZigZag_hackathon_AIU2016Tests;
			productName = ZigZag_hackathon_AIU2016Tests;
			productReference = 1A057F121CCBFCE4003B282D /* ZigZag_hackathon_AIU2016Tests.xctest */;
			productType = "com.apple.product-type.bundle.unit-test";
		};
/* End PBXNativeTarget section */

/* Begin PBXProject section */
		1A057EF61CCBFCE3003B282D /* Project object */ = {
			isa = PBXProject;
			attributes = {
				LastUpgradeCheck = 0700;
				ORGANIZATIONNAME = "Suha Baobaid";
				TargetAttributes = {
					1A057EFD1CCBFCE3003B282D = {
						CreatedOnToolsVersion = 7.0.1;
						DevelopmentTeam = A688WWGM8A;
					};
					1A057F111CCBFCE4003B282D = {
						CreatedOnToolsVersion = 7.0.1;
						DevelopmentTeam = A688WWGM8A;
						TestTargetID = 1A057EFD1CCBFCE3003B282D;
					};
				};
			};
			buildConfigurationList = 1A057EF91CCBFCE3003B282D /* Build configuration list for PBXProject "ZigZag_hackathon_AIU2016" */;
			compatibilityVersion = "Xcode 3.2";
			developmentRegion = English;
			hasScannedForEncodings = 0;
			knownRegions = (
				en,
				Base,
			);
			mainGroup = 1A057EF51CCBFCE3003B282D;
			productRefGroup = 1A057EF51CCBFCE3003B282D;
			projectDirPath = "";
			projectRoot = "";
			targets = (
				1A057EFD1CCBFCE3003B282D /* ZigZag_hackathon_AIU2016 */,
				1A057F111CCBFCE4003B282D /* ZigZag_hackathon_AIU2016Tests */,
			);
		};
/* End PBXProject section */

/* Begin PBXResourcesBuildPhase section */
		1A057EFC1CCBFCE3003B282D /* Resources */ = {
			isa = PBXResourcesBuildPhase;
			buildActionMask = 2147483647;
			files = (
				1A057F0C1CCBFCE3003B282D /* LaunchScreen.storyboard in Resources */,
				1A057F091CCBFCE3003B282D /* Assets.xcassets in Resources */,
				1A057F071CCBFCE3003B282D /* Main.storyboard in Resources */,
			);
			runOnlyForDeploymentPostprocessing = 0;
		};
		1A057F101CCBFCE4003B282D /* Resources */ = {
			isa = PBXResourcesBuildPhase;
			buildActionMask = 2147483647;
			files = (
			);
			runOnlyForDeploymentPostprocessing = 0;
		};
/* End PBXResourcesBuildPhase section */

/* Begin PBXSourcesBuildPhase section */
		1A057EFA1CCBFCE3003B282D /* Sources */ = {
			isa = PBXSourcesBuildPhase;
			buildActionMask = 2147483647;
			files = (
				1A057F041CCBFCE3003B282D /* ViewController.swift in Sources */,
				1A057F021CCBFCE3003B282D /* AppDelegate.swift in Sources */,
			);
			runOnlyForDeploymentPostprocessing = 0;
		};
		1A057F0E1CCBFCE4003B282D /* Sources */ = {
			isa = PBXSourcesBuildPhase;
			buildActionMask = 2147483647;
			files = (
				1A057F171CCBFCE4003B282D /* ZigZag_hackathon_AIU2016Tests.swift in Sources */,
			);
			runOnlyForDeploymentPostprocessing = 0;
		};
/* End PBXSourcesBuildPhase section */

/* Begin PBXTargetDependency section */
		1A057F141CCBFCE4003B282D /* PBXTargetDependency */ = {
			isa = PBXTargetDependency;
			target = 1A057EFD1CCBFCE3003B282D /* ZigZag_hackathon_AIU2016 */;
			targetProxy = 1A057F131CCBFCE4003B282D /* PBXContainerItemProxy */;
		};
/* End PBXTargetDependency section */

/* Begin PBXVariantGroup section */
		1A057F051CCBFCE3003B282D /* Main.storyboard */ = {
			isa = PBXVariantGroup;
			children = (
				1A057F061CCBFCE3003B282D /* Base */,
			);
			name = Main.storyboard;
			sourceTree = "<group>";
		};
		1A057F0A1CCBFCE3003B282D /* LaunchScreen.storyboard */ = {
			isa = PBXVariantGroup;
			children = (
				1A057F0B1CCBFCE3003B282D /* Base */,
			);
			name = LaunchScreen.storyboard;
			sourceTree = "<group>";
		};
/* End PBXVariantGroup section */

/* Begin XCBuildConfiguration section */
		1A057F191CCBFCE4003B282D /* Debug */ = {
			isa = XCBuildConfiguration;
			buildSettings = {
				ALWAYS_SEARCH_USER_PATHS = NO;
				CLANG_CXX_LANGUAGE_STANDARD = "gnu++0x";
				CLANG_CXX_LIBRARY = "libc++";
				CLANG_ENABLE_MODULES = YES;
				CLANG_ENABLE_OBJC_ARC = YES;
				CLANG_WARN_BOOL_CONVERSION = YES;
				CLANG_WARN_CONSTANT_CONVERSION = YES;
				CLANG_WARN_DIRECT_OBJC_ISA_USAGE = YES_ERROR;
				CLANG_WARN_EMPTY_BODY = YES;
				CLANG_WARN_ENUM_CONVERSION = YES;
				CLANG_WARN_INT_CONVERSION = YES;
				CLANG_WARN_OBJC_ROOT_CLASS = YES_ERROR;
				CLANG_WARN_UNREACHABLE_CODE = YES;
				CLANG_WARN__DUPLICATE_METHOD_MATCH = YES;
				"CODE_SIGN_IDENTITY[sdk=iphoneos*]" = "iPhone Developer";
				COPY_PHASE_STRIP = NO;
				DEBUG_INFORMATION_FORMAT = dwarf;
				ENABLE_STRICT_OBJC_MSGSEND = YES;
				ENABLE_TESTABILITY = YES;
				GCC_C_LANGUAGE_STANDARD = gnu99;
				GCC_DYNAMIC_NO_PIC = NO;
				GCC_NO_COMMON_BLOCKS = YES;
				GCC_OPTIMIZATION_LEVEL = 0;
				GCC_PREPROCESSOR_DEFINITIONS = (
					"DEBUG=1",
					"$(inherited)",
				);
				GCC_WARN_64_TO_32_BIT_CONVERSION = YES;
				GCC_WARN_ABOUT_RETURN_TYPE = YES_ERROR;
				GCC_WARN_UNDECLARED_SELECTOR = YES;
				GCC_WARN_UNINITIALIZED_AUTOS = YES_AGGRESSIVE;
				GCC_WARN_UNUSED_FUNCTION = YES;
				GCC_WARN_UNUSED_VARIABLE = YES;
				IPHONEOS_DEPLOYMENT_TARGET = 9.0;
				MTL_ENABLE_DEBUG_INFO = YES;
				ONLY_ACTIVE_ARCH = YES;
				SDKROOT = iphoneos;
				SWIFT_OPTIMIZATION_LEVEL = "-Onone";
				TARGETED_DEVICE_FAMILY = "1,2";
			};
			name = Debug;
		};
		1A057F1A1CCBFCE4003B282D /* Release */ = {
			isa = XCBuildConfiguration;
			buildSettings = {
				ALWAYS_SEARCH_USER_PATHS = NO;
				CLANG_CXX_LANGUAGE_STANDARD = "gnu++0x";
				CLANG_CXX_LIBRARY = "libc++";
				CLANG_ENABLE_MODULES = YES;
				CLANG_ENABLE_OBJC_ARC = YES;
				CLANG_WARN_BOOL_CONVERSION = YES;
				CLANG_WARN_CONSTANT_CONVERSION = YES;
				CLANG_WARN_DIRECT_OBJC_ISA_USAGE = YES_ERROR;
				CLANG_WARN_EMPTY_BODY = YES;
				CLANG_WARN_ENUM_CONVERSION = YES;
				CLANG_WARN_INT_CONVERSION = YES;
				CLANG_WARN_OBJC_ROOT_CLASS = YES_ERROR;
				CLANG_WARN_UNREACHABLE_CODE = YES;
				CLANG_WARN__DUPLICATE_METHOD_MATCH = YES;
				"CODE_SIGN_IDENTITY[sdk=iphoneos*]" = "iPhone Developer";
				COPY_PHASE_STRIP = NO;
				DEBUG_INFORMATION_FORMAT = "dwarf-with-dsym";
				ENABLE_NS_ASSERTIONS = NO;
				ENABLE_STRICT_OBJC_MSGSEND = YES;
				GCC_C_LANGUAGE_STANDARD = gnu99;
				GCC_NO_COMMON_BLOCKS = YES;
				GCC_WARN_64_TO_32_BIT_CONVERSION = YES;
				GCC_WARN_ABOUT_RETURN_TYPE = YES_ERROR;
				GCC_WARN_UNDECLARED_SELECTOR = YES;
				GCC_WARN_UNINITIALIZED_AUTOS = YES_AGGRESSIVE;
				GCC_WARN_UNUSED_FUNCTION = YES;
				GCC_WARN_UNUSED_VARIABLE = YES;
				IPHONEOS_DEPLOYMENT_TARGET = 9.0;
				MTL_ENABLE_DEBUG_INFO = NO;
				SDKROOT = iphoneos;
				TARGETED_DEVICE_FAMILY = "1,2";
				VALIDATE_PRODUCT = YES;
			};
			name = Release;
		};
		1A057F1C1CCBFCE4003B282D /* Debug */ = {
			isa = XCBuildConfiguration;
			buildSettings = {
				ASSETCATALOG_COMPILER_APPICON_NAME = AppIcon;
				INFOPLIST_FILE = ZigZag_hackathon_AIU2016/Info.plist;
				LD_RUNPATH_SEARCH_PATHS = "$(inherited) @executable_path/Frameworks";
				PRODUCT_BUNDLE_IDENTIFIER = "suha.ZigZag-hackathon-AIU2016";
				PRODUCT_NAME = "$(TARGET_NAME)";
				TARGETED_DEVICE_FAMILY = "1,2";
			};
			name = Debug;
		};
		1A057F1D1CCBFCE4003B282D /* Release */ = {
			isa = XCBuildConfiguration;
			buildSettings = {
				ASSETCATALOG_COMPILER_APPICON_NAME = AppIcon;
				INFOPLIST_FILE = ZigZag_hackathon_AIU2016/Info.plist;
				LD_RUNPATH_SEARCH_PATHS = "$(inherited) @executable_path/Frameworks";
				PRODUCT_BUNDLE_IDENTIFIER = "suha.ZigZag-hackathon-AIU2016";
				PRODUCT_NAME = "$(TARGET_NAME)";
				TARGETED_DEVICE_FAMILY = "1,2";
			};
			name = Release;
		};
		1A057F1F1CCBFCE4003B282D /* Debug */ = {
			isa = XCBuildConfiguration;
			buildSettings = {
				BUNDLE_LOADER = "$(TEST_HOST)";
				INFOPLIST_FILE = ZigZag_hackathon_AIU2016Tests/Info.plist;
				LD_RUNPATH_SEARCH_PATHS = "$(inherited) @executable_path/Frameworks @loader_path/Frameworks";
				PRODUCT_BUNDLE_IDENTIFIER = "suha.ZigZag-hackathon-AIU2016Tests";
				PRODUCT_NAME = "$(TARGET_NAME)";
				TEST_HOST = "$(BUILT_PRODUCTS_DIR)/ZigZag_hackathon_AIU2016.app/ZigZag_hackathon_AIU2016";
			};
			name = Debug;
		};
		1A057F201CCBFCE4003B282D /* Release */ = {
			isa = XCBuildConfiguration;
			buildSettings = {
				BUNDLE_LOADER = "$(TEST_HOST)";
				INFOPLIST_FILE = ZigZag_hackathon_AIU2016Tests/Info.plist;
				LD_RUNPATH_SEARCH_PATHS = "$(inherited) @executable_path/Frameworks @loader_path/Frameworks";
				PRODUCT_BUNDLE_IDENTIFIER = "suha.ZigZag-hackathon-AIU2016Tests";
				PRODUCT_NAME = "$(TARGET_NAME)";
				TEST_HOST = "$(BUILT_PRODUCTS_DIR)/ZigZag_hackathon_AIU2016.app/ZigZag_hackathon_AIU2016";
			};
			name = Release;
		};
/* End XCBuildConfiguration section */

/* Begin XCConfigurationList section */
		1A057EF91CCBFCE3003B282D /* Build configuration list for PBXProject "ZigZag_hackathon_AIU2016" */ = {
			isa = XCConfigurationList;
			buildConfigurations = (
				1A057F191CCBFCE4003B282D /* Debug */,
				1A057F1A1CCBFCE4003B282D /* Release */,
			);
			defaultConfigurationIsVisible = 0;
			defaultConfigurationName = Release;
		};
		1A057F1B1CCBFCE4003B282D /* Build configuration list for PBXNativeTarget "ZigZag_hackathon_AIU2016" */ = {
			isa = XCConfigurationList;
			buildConfigurations = (
				1A057F1C1CCBFCE4003B282D /* Debug */,
				1A057F1D1CCBFCE4003B282D /* Release */,
			);
			defaultConfigurationIsVisible = 0;
		};
		1A057F1E1CCBFCE4003B282D /* Build configuration list for PBXNativeTarget "ZigZag_hackathon_AIU2016Tests" */ = {
			isa = XCConfigurationList;
			buildConfigurations = (
				1A057F1F1CCBFCE4003B282D /* Debug */,
				1A057F201CCBFCE4003B282D /* Release */,
			);
			defaultConfigurationIsVisible = 0;
		};
/* End XCConfigurationList section */
	};
	rootObject = 1A057EF61CCBFCE3003B282D /* Project object */;
}
